
Microsoft Visual Studio Solution File, Format Version 12.00
# Visual Studio Version 17
VisualStudioVersion = 17.8.34525.116
MinimumVisualStudioVersion = 10.0.40219.1
Project("{FAE04EC0-301F-11D3-BF4B-00C04F79EFBC}") = "ProjetoBandas", "ProjetoBandas\ProjetoBandas.csproj", "{D93B629F-F064-4EAA-B6A0-43C33499F25A}"
EndProject
Global
	GlobalSection(SolutionConfigurationPlatforms) = preSolution
		Debug|Any CPU = Debug|Any CPU
		Release|Any CPU = Release|Any CPU
	EndGlobalSection
	GlobalSection(ProjectConfigurationPlatforms) = postSolution
		{D93B629F-F064-4EAA-B6A0-43C33499F25A}.Debug|Any CPU.ActiveCfg = Debug|Any CPU
		{D93B629F-F064-4EAA-B6A0-43C33499F25A}.Debug|Any CPU.Build.0 = Debug|Any CPU
		{D93B629F-F064-4EAA-B6A0-43C33499F25A}.Release|Any CPU.ActiveCfg = Release|Any CPU
		{D93B629F-F064-4EAA-B6A0-43C33499F25A}.Release|Any CPU.Build.0 = Release|Any CPU
	EndGlobalSection
	GlobalSection(SolutionProperties) = preSolution
		HideSolutionNode = FALSE
	EndGlobalSection
	GlobalSection(ExtensibilityGlobals) = postSolution
		SolutionGuid = {8152A109-06AC-47E3-A8F7-9BB4A3C21C52}
	EndGlobalSection
EndGlobal
